// !$*UTF8*$!
{
	archiveVersion = 1;
	classes = {
	};
	objectVersion = 46;
	objects = {

/* Begin PBXBuildFile section */
		765C29751D6465780035CDE5 /* MenuViewController.swift in Sources */ = {isa = PBXBuildFile; fileRef = 765C29741D6465780035CDE5 /* MenuViewController.swift */; };
		765EB2091D6AD54300DB6528 /* MarvelCharacter.swift in Sources */ = {isa = PBXBuildFile; fileRef = 765EB2081D6AD54300DB6528 /* MarvelCharacter.swift */; };
		765EB20E1D6ADA8B00DB6528 /* Result.swift in Sources */ = {isa = PBXBuildFile; fileRef = 765EB20D1D6ADA8B00DB6528 /* Result.swift */; };
		765EB2101D6ADAE700DB6528 /* APIError.swift in Sources */ = {isa = PBXBuildFile; fileRef = 765EB20F1D6ADAE700DB6528 /* APIError.swift */; };
		765EB2121D6ADBF200DB6528 /* Resource.swift in Sources */ = {isa = PBXBuildFile; fileRef = 765EB2111D6ADBF200DB6528 /* Resource.swift */; };
		765EB2141D6ADC3200DB6528 /* Webservice.swift in Sources */ = {isa = PBXBuildFile; fileRef = 765EB2131D6ADC3200DB6528 /* Webservice.swift */; };
		765EB2161D6AE63500DB6528 /* MarvelURL.swift in Sources */ = {isa = PBXBuildFile; fileRef = 765EB2151D6AE63500DB6528 /* MarvelURL.swift */; };
		765EB2191D6C24BF00DB6528 /* MarvelEvent.swift in Sources */ = {isa = PBXBuildFile; fileRef = 765EB2181D6C24BF00DB6528 /* MarvelEvent.swift */; };
		765EB21B1D6C28BC00DB6528 /* MarvelDict.swift in Sources */ = {isa = PBXBuildFile; fileRef = 765EB21A1D6C28BC00DB6528 /* MarvelDict.swift */; };
		76A967491D5B156800ADE2B8 /* AppDelegate.swift in Sources */ = {isa = PBXBuildFile; fileRef = 76A967481D5B156800ADE2B8 /* AppDelegate.swift */; };
		76A967501D5B156800ADE2B8 /* Assets.xcassets in Resources */ = {isa = PBXBuildFile; fileRef = 76A9674F1D5B156800ADE2B8 /* Assets.xcassets */; };
		76A967531D5B156800ADE2B8 /* LaunchScreen.storyboard in Resources */ = {isa = PBXBuildFile; fileRef = 76A967511D5B156800ADE2B8 /* LaunchScreen.storyboard */; };
		76A9675F1D5B28A500ADE2B8 /* FlowController.swift in Sources */ = {isa = PBXBuildFile; fileRef = 76A9675E1D5B28A500ADE2B8 /* FlowController.swift */; };
		76A967611D5B29B600ADE2B8 /* MainFlowController.swift in Sources */ = {isa = PBXBuildFile; fileRef = 76A967601D5B29B600ADE2B8 /* MainFlowController.swift */; };
/* End PBXBuildFile section */

/* Begin PBXFileReference section */
		765C29741D6465780035CDE5 /* MenuViewController.swift */ = {isa = PBXFileReference; fileEncoding = 4; lastKnownFileType = sourcecode.swift; path = MenuViewController.swift; sourceTree = "<group>"; };
		765EB2081D6AD54300DB6528 /* MarvelCharacter.swift */ = {isa = PBXFileReference; fileEncoding = 4; lastKnownFileType = sourcecode.swift; path = MarvelCharacter.swift; sourceTree = "<group>"; };
		765EB20D1D6ADA8B00DB6528 /* Result.swift */ = {isa = PBXFileReference; fileEncoding = 4; lastKnownFileType = sourcecode.swift; path = Result.swift; sourceTree = "<group>"; };
		765EB20F1D6ADAE700DB6528 /* APIError.swift */ = {isa = PBXFileReference; fileEncoding = 4; lastKnownFileType = sourcecode.swift; path = APIError.swift; sourceTree = "<group>"; };
		765EB2111D6ADBF200DB6528 /* Resource.swift */ = {isa = PBXFileReference; fileEncoding = 4; lastKnownFileType = sourcecode.swift; path = Resource.swift; sourceTree = "<group>"; };
		765EB2131D6ADC3200DB6528 /* Webservice.swift */ = {isa = PBXFileReference; fileEncoding = 4; lastKnownFileType = sourcecode.swift; path = Webservice.swift; sourceTree = "<group>"; };
		765EB2151D6AE63500DB6528 /* MarvelURL.swift */ = {isa = PBXFileReference; fileEncoding = 4; lastKnownFileType = sourcecode.swift; path = MarvelURL.swift; sourceTree = "<group>"; };
		765EB2171D6AF2D200DB6528 /* BridgingHeader.h */ = {isa = PBXFileReference; lastKnownFileType = sourcecode.c.h; path = BridgingHeader.h; sourceTree = "<group>"; };
		765EB2181D6C24BF00DB6528 /* MarvelEvent.swift */ = {isa = PBXFileReference; fileEncoding = 4; lastKnownFileType = sourcecode.swift; path = MarvelEvent.swift; sourceTree = "<group>"; };
		765EB21A1D6C28BC00DB6528 /* MarvelDict.swift */ = {isa = PBXFileReference; fileEncoding = 4; lastKnownFileType = sourcecode.swift; path = MarvelDict.swift; sourceTree = "<group>"; };
		76A967451D5B156800ADE2B8 /* Marvelopedia.app */ = {isa = PBXFileReference; explicitFileType = wrapper.application; includeInIndex = 0; path = Marvelopedia.app; sourceTree = BUILT_PRODUCTS_DIR; };
		76A967481D5B156800ADE2B8 /* AppDelegate.swift */ = {isa = PBXFileReference; lastKnownFileType = sourcecode.swift; name = AppDelegate.swift; path = ../AppDelegate.swift; sourceTree = "<group>"; };
		76A9674F1D5B156800ADE2B8 /* Assets.xcassets */ = {isa = PBXFileReference; lastKnownFileType = folder.assetcatalog; name = Assets.xcassets; path = ../Assets.xcassets; sourceTree = "<group>"; };
		76A967521D5B156800ADE2B8 /* Base */ = {isa = PBXFileReference; lastKnownFileType = file.storyboard; name = Base; path = Base.lproj/LaunchScreen.storyboard; sourceTree = "<group>"; };
		76A967541D5B156800ADE2B8 /* Info.plist */ = {isa = PBXFileReference; lastKnownFileType = text.plist.xml; name = Info.plist; path = ../Info.plist; sourceTree = "<group>"; };
		76A9675E1D5B28A500ADE2B8 /* FlowController.swift */ = {isa = PBXFileReference; fileEncoding = 4; lastKnownFileType = sourcecode.swift; path = FlowController.swift; sourceTree = "<group>"; };
		76A967601D5B29B600ADE2B8 /* MainFlowController.swift */ = {isa = PBXFileReference; fileEncoding = 4; lastKnownFileType = sourcecode.swift; path = MainFlowController.swift; sourceTree = "<group>"; };
/* End PBXFileReference section */

/* Begin PBXFrameworksBuildPhase section */
		76A967421D5B156800ADE2B8 /* Frameworks */ = {
			isa = PBXFrameworksBuildPhase;
			buildActionMask = 2147483647;
			files = (
			);
			runOnlyForDeploymentPostprocessing = 0;
		};
/* End PBXFrameworksBuildPhase section */

/* Begin PBXGroup section */
		765C29731D6465380035CDE5 /* ViewControllers */ = {
			isa = PBXGroup;
			children = (
				765C29741D6465780035CDE5 /* MenuViewController.swift */,
			);
			name = ViewControllers;
			path = Marvelopedia/Classes/ViewControllers;
			sourceTree = SOURCE_ROOT;
		};
		765EB2071D6AD53200DB6528 /* Model */ = {
			isa = PBXGroup;
			children = (
				765EB2081D6AD54300DB6528 /* MarvelCharacter.swift */,
				765EB2181D6C24BF00DB6528 /* MarvelEvent.swift */,
				765EB21A1D6C28BC00DB6528 /* MarvelDict.swift */,
			);
			path = Model;
			sourceTree = "<group>";
		};
		765EB20C1D6ADA7F00DB6528 /* Webservice */ = {
			isa = PBXGroup;
			children = (
				765EB2151D6AE63500DB6528 /* MarvelURL.swift */,
				765EB20D1D6ADA8B00DB6528 /* Result.swift */,
				765EB2111D6ADBF200DB6528 /* Resource.swift */,
				765EB20F1D6ADAE700DB6528 /* APIError.swift */,
				765EB2131D6ADC3200DB6528 /* Webservice.swift */,
			);
			path = Webservice;
			sourceTree = "<group>";
		};
		76A9673C1D5B156800ADE2B8 = {
			isa = PBXGroup;
			children = (
				76A967471D5B156800ADE2B8 /* Marvelopedia */,
				76A967461D5B156800ADE2B8 /* Products */,
			);
			sourceTree = "<group>";
		};
		76A967461D5B156800ADE2B8 /* Products */ = {
			isa = PBXGroup;
			children = (
				76A967451D5B156800ADE2B8 /* Marvelopedia.app */,
			);
			name = Products;
			sourceTree = "<group>";
		};
		76A967471D5B156800ADE2B8 /* Marvelopedia */ = {
			isa = PBXGroup;
			children = (
				76A9675C1D5B15D400ADE2B8 /* Classes */,
				76A9675B1D5B15B600ADE2B8 /* Resources */,
			);
			path = Marvelopedia;
			sourceTree = "<group>";
		};
		76A9675B1D5B15B600ADE2B8 /* Resources */ = {
			isa = PBXGroup;
			children = (
				76A9674F1D5B156800ADE2B8 /* Assets.xcassets */,
				76A967511D5B156800ADE2B8 /* LaunchScreen.storyboard */,
				76A967541D5B156800ADE2B8 /* Info.plist */,
			);
			path = Resources;
			sourceTree = "<group>";
		};
		76A9675C1D5B15D400ADE2B8 /* Classes */ = {
			isa = PBXGroup;
			children = (
				76A967481D5B156800ADE2B8 /* AppDelegate.swift */,
				765EB2171D6AF2D200DB6528 /* BridgingHeader.h */,
				765EB2071D6AD53200DB6528 /* Model */,
				76A9675D1D5B289600ADE2B8 /* FlowControllers */,
				765EB20C1D6ADA7F00DB6528 /* Webservice */,
				765C29731D6465380035CDE5 /* ViewControllers */,
			);
			path = Classes;
			sourceTree = "<group>";
		};
		76A9675D1D5B289600ADE2B8 /* FlowControllers */ = {
			isa = PBXGroup;
			children = (
				76A9675E1D5B28A500ADE2B8 /* FlowController.swift */,
				76A967601D5B29B600ADE2B8 /* MainFlowController.swift */,
			);
			path = FlowControllers;
			sourceTree = "<group>";
		};
/* End PBXGroup section */

/* Begin PBXNativeTarget section */
		76A967441D5B156800ADE2B8 /* Marvelopedia */ = {
			isa = PBXNativeTarget;
			buildConfigurationList = 76A967571D5B156800ADE2B8 /* Build configuration list for PBXNativeTarget "Marvelopedia" */;
			buildPhases = (
				76A967411D5B156800ADE2B8 /* Sources */,
				76A967421D5B156800ADE2B8 /* Frameworks */,
				76A967431D5B156800ADE2B8 /* Resources */,
			);
			buildRules = (
			);
			dependencies = (
			);
			name = Marvelopedia;
			productName = Marvelopedia;
			productReference = 76A967451D5B156800ADE2B8 /* Marvelopedia.app */;
			productType = "com.apple.product-type.application";
		};
/* End PBXNativeTarget section */

/* Begin PBXProject section */
		76A9673D1D5B156800ADE2B8 /* Project object */ = {
			isa = PBXProject;
			attributes = {
				LastSwiftUpdateCheck = 0800;
				LastUpgradeCheck = 0800;
				ORGANIZATIONNAME = "Jeremi Kaczmarczyk";
				TargetAttributes = {
					76A967441D5B156800ADE2B8 = {
						CreatedOnToolsVersion = 8.0;
						DevelopmentTeam = S22AEPX323;
						ProvisioningStyle = Automatic;
					};
				};
			};
			buildConfigurationList = 76A967401D5B156800ADE2B8 /* Build configuration list for PBXProject "Marvelopedia" */;
			compatibilityVersion = "Xcode 3.2";
			developmentRegion = English;
			hasScannedForEncodings = 0;
			knownRegions = (
				en,
				Base,
			);
			mainGroup = 76A9673C1D5B156800ADE2B8;
			productRefGroup = 76A967461D5B156800ADE2B8 /* Products */;
			projectDirPath = "";
			projectRoot = "";
			targets = (
				76A967441D5B156800ADE2B8 /* Marvelopedia */,
			);
		};
/* End PBXProject section */

/* Begin PBXResourcesBuildPhase section */
		76A967431D5B156800ADE2B8 /* Resources */ = {
			isa = PBXResourcesBuildPhase;
			buildActionMask = 2147483647;
			files = (
				76A967531D5B156800ADE2B8 /* LaunchScreen.storyboard in Resources */,
				76A967501D5B156800ADE2B8 /* Assets.xcassets in Resources */,
			);
			runOnlyForDeploymentPostprocessing = 0;
		};
/* End PBXResourcesBuildPhase section */

/* Begin PBXSourcesBuildPhase section */
		76A967411D5B156800ADE2B8 /* Sources */ = {
			isa = PBXSourcesBuildPhase;
			buildActionMask = 2147483647;
			files = (
				765EB20E1D6ADA8B00DB6528 /* Result.swift in Sources */,
				765EB2191D6C24BF00DB6528 /* MarvelEvent.swift in Sources */,
				765EB2121D6ADBF200DB6528 /* Resource.swift in Sources */,
				76A967611D5B29B600ADE2B8 /* MainFlowController.swift in Sources */,
				76A967491D5B156800ADE2B8 /* AppDelegate.swift in Sources */,
				765EB2091D6AD54300DB6528 /* MarvelCharacter.swift in Sources */,
				76A9675F1D5B28A500ADE2B8 /* FlowController.swift in Sources */,
				765C29751D6465780035CDE5 /* MenuViewController.swift in Sources */,
				765EB2101D6ADAE700DB6528 /* APIError.swift in Sources */,
				765EB2141D6ADC3200DB6528 /* Webservice.swift in Sources */,
				765EB21B1D6C28BC00DB6528 /* MarvelDict.swift in Sources */,
				765EB2161D6AE63500DB6528 /* MarvelURL.swift in Sources */,
			);
			runOnlyForDeploymentPostprocessing = 0;
		};
/* End PBXSourcesBuildPhase section */

/* Begin PBXVariantGroup section */
		76A967511D5B156800ADE2B8 /* LaunchScreen.storyboard */ = {
			isa = PBXVariantGroup;
			children = (
				76A967521D5B156800ADE2B8 /* Base */,
			);
			name = LaunchScreen.storyboard;
			path = ..;
			sourceTree = "<group>";
		};
/* End PBXVariantGroup section */

/* Begin XCBuildConfiguration section */
		76A967551D5B156800ADE2B8 /* Debug */ = {
			isa = XCBuildConfiguration;
			buildSettings = {
				ALWAYS_SEARCH_USER_PATHS = NO;
				CLANG_ANALYZER_NONNULL = YES;
				CLANG_CXX_LANGUAGE_STANDARD = "gnu++0x";
				CLANG_CXX_LIBRARY = "libc++";
				CLANG_ENABLE_MODULES = YES;
				CLANG_ENABLE_OBJC_ARC = YES;
				CLANG_WARN_BOOL_CONVERSION = YES;
				CLANG_WARN_CONSTANT_CONVERSION = YES;
				CLANG_WARN_DIRECT_OBJC_ISA_USAGE = YES_ERROR;
				CLANG_WARN_DOCUMENTATION_COMMENTS = YES;
				CLANG_WARN_EMPTY_BODY = YES;
				CLANG_WARN_ENUM_CONVERSION = YES;
				CLANG_WARN_INFINITE_RECURSION = YES;
				CLANG_WARN_INT_CONVERSION = YES;
				CLANG_WARN_OBJC_ROOT_CLASS = YES_ERROR;
				CLANG_WARN_SUSPICIOUS_MOVES = YES;
				CLANG_WARN_UNREACHABLE_CODE = YES;
				CLANG_WARN__DUPLICATE_METHOD_MATCH = YES;
				"CODE_SIGN_IDENTITY[sdk=iphoneos*]" = "iPhone Developer";
				COPY_PHASE_STRIP = NO;
				DEBUG_INFORMATION_FORMAT = dwarf;
				ENABLE_STRICT_OBJC_MSGSEND = YES;
				ENABLE_TESTABILITY = YES;
				GCC_C_LANGUAGE_STANDARD = gnu99;
				GCC_DYNAMIC_NO_PIC = NO;
				GCC_NO_COMMON_BLOCKS = YES;
				GCC_OPTIMIZATION_LEVEL = 0;
				GCC_PREPROCESSOR_DEFINITIONS = (
					"DEBUG=1",
					"$(inherited)",
				);
				GCC_WARN_64_TO_32_BIT_CONVERSION = YES;
				GCC_WARN_ABOUT_RETURN_TYPE = YES_ERROR;
				GCC_WARN_UNDECLARED_SELECTOR = YES;
				GCC_WARN_UNINITIALIZED_AUTOS = YES_AGGRESSIVE;
				GCC_WARN_UNUSED_FUNCTION = YES;
				GCC_WARN_UNUSED_VARIABLE = YES;
				IPHONEOS_DEPLOYMENT_TARGET = 10.0;
				MTL_ENABLE_DEBUG_INFO = YES;
				ONLY_ACTIVE_ARCH = YES;
				SDKROOT = iphoneos;
				SWIFT_ACTIVE_COMPILATION_CONDITIONS = DEBUG;
				SWIFT_OPTIMIZATION_LEVEL = "-Onone";
			};
			name = Debug;
		};
		76A967561D5B156800ADE2B8 /* Release */ = {
			isa = XCBuildConfiguration;
			buildSettings = {
				ALWAYS_SEARCH_USER_PATHS = NO;
				CLANG_ANALYZER_NONNULL = YES;
				CLANG_CXX_LANGUAGE_STANDARD = "gnu++0x";
				CLANG_CXX_LIBRARY = "libc++";
				CLANG_ENABLE_MODULES = YES;
				CLANG_ENABLE_OBJC_ARC = YES;
				CLANG_WARN_BOOL_CONVERSION = YES;
				CLANG_WARN_CONSTANT_CONVERSION = YES;
				CLANG_WARN_DIRECT_OBJC_ISA_USAGE = YES_ERROR;
				CLANG_WARN_DOCUMENTATION_COMMENTS = YES;
				CLANG_WARN_EMPTY_BODY = YES;
				CLANG_WARN_ENUM_CONVERSION = YES;
				CLANG_WARN_INFINITE_RECURSION = YES;
				CLANG_WARN_INT_CONVERSION = YES;
				CLANG_WARN_OBJC_ROOT_CLASS = YES_ERROR;
				CLANG_WARN_SUSPICIOUS_MOVES = YES;
				CLANG_WARN_UNREACHABLE_CODE = YES;
				CLANG_WARN__DUPLICATE_METHOD_MATCH = YES;
				"CODE_SIGN_IDENTITY[sdk=iphoneos*]" = "iPhone Developer";
				COPY_PHASE_STRIP = NO;
				DEBUG_INFORMATION_FORMAT = "dwarf-with-dsym";
				ENABLE_NS_ASSERTIONS = NO;
				ENABLE_STRICT_OBJC_MSGSEND = YES;
				GCC_C_LANGUAGE_STANDARD = gnu99;
				GCC_NO_COMMON_BLOCKS = YES;
				GCC_WARN_64_TO_32_BIT_CONVERSION = YES;
				GCC_WARN_ABOUT_RETURN_TYPE = YES_ERROR;
				GCC_WARN_UNDECLARED_SELECTOR = YES;
				GCC_WARN_UNINITIALIZED_AUTOS = YES_AGGRESSIVE;
				GCC_WARN_UNUSED_FUNCTION = YES;
				GCC_WARN_UNUSED_VARIABLE = YES;
				IPHONEOS_DEPLOYMENT_TARGET = 10.0;
				MTL_ENABLE_DEBUG_INFO = NO;
				SDKROOT = iphoneos;
				SWIFT_OPTIMIZATION_LEVEL = "-Owholemodule";
				VALIDATE_PRODUCT = YES;
			};
			name = Release;
		};
		76A967581D5B156800ADE2B8 /* Debug */ = {
			isa = XCBuildConfiguration;
			buildSettings = {
				ASSETCATALOG_COMPILER_APPICON_NAME = AppIcon;
				DEVELOPMENT_TEAM = S22AEPX323;
				INFOPLIST_FILE = Marvelopedia/Info.plist;
				LD_RUNPATH_SEARCH_PATHS = "$(inherited) @executable_path/Frameworks";
				PRODUCT_BUNDLE_IDENTIFIER = Tooploox.Marvelopedia;
				PRODUCT_NAME = "$(TARGET_NAME)";
				SWIFT_OBJC_BRIDGING_HEADER = /Users/jeremikaczmarczyk1/Developer/Workshops/Marvelopedia/Marvelopedia/Classes/BridgingHeader.h;
				SWIFT_VERSION = 3.0;
			};
			name = Debug;
		};
		76A967591D5B156800ADE2B8 /* Release */ = {
			isa = XCBuildConfiguration;
			buildSettings = {
				ASSETCATALOG_COMPILER_APPICON_NAME = AppIcon;
				DEVELOPMENT_TEAM = S22AEPX323;
				INFOPLIST_FILE = Marvelopedia/Info.plist;
				LD_RUNPATH_SEARCH_PATHS = "$(inherited) @executable_path/Frameworks";
				PRODUCT_BUNDLE_IDENTIFIER = Tooploox.Marvelopedia;
				PRODUCT_NAME = "$(TARGET_NAME)";
				SWIFT_OBJC_BRIDGING_HEADER = /Users/jeremikaczmarczyk1/Developer/Workshops/Marvelopedia/Marvelopedia/Classes/BridgingHeader.h;
				SWIFT_VERSION = 3.0;
			};
			name = Release;
		};
/* End XCBuildConfiguration section */

/* Begin XCConfigurationList section */
		76A967401D5B156800ADE2B8 /* Build configuration list for PBXProject "Marvelopedia" */ = {
			isa = XCConfigurationList;
			buildConfigurations = (
				76A967551D5B156800ADE2B8 /* Debug */,
				76A967561D5B156800ADE2B8 /* Release */,
			);
			defaultConfigurationIsVisible = 0;
			defaultConfigurationName = Release;
		};
		76A967571D5B156800ADE2B8 /* Build configuration list for PBXNativeTarget "Marvelopedia" */ = {
			isa = XCConfigurationList;
			buildConfigurations = (
				76A967581D5B156800ADE2B8 /* Debug */,
				76A967591D5B156800ADE2B8 /* Release */,
			);
			defaultConfigurationIsVisible = 0;
			defaultConfigurationName = Release;
		};
/* End XCConfigurationList section */
	};
	rootObject = 76A9673D1D5B156800ADE2B8 /* Project object */;
}
